{
  "requires": true,
  "lockfileVersion": 1,
  "dependencies": {
    "@fortawesome/fontawesome-common-types": {
      "version": "0.2.12",
      "resolved": "https://registry.npmjs.org/@fortawesome/fontawesome-common-types/-/fontawesome-common-types-0.2.12.tgz",
      "integrity": "sha512-ISLNpEx6fhJTYYkvBeo/4DHeL5EIA+VybJoOOnH67m6uXt6V6VFizdEN4qchHagNIeZfzI0LnA22gk0wbVPv/g=="
    },
    "@fortawesome/free-brands-svg-icons": {
      "version": "5.6.3",
      "resolved": "https://registry.npmjs.org/@fortawesome/free-brands-svg-icons/-/free-brands-svg-icons-5.6.3.tgz",
      "integrity": "sha512-VCPYnISsTQwYXavO6ajFuYvedqMXk9njEaNrHcvUWhal1XTQNLrwIBjyM/IMGkn06XbGL6ApPg78vh1tIfA5GA==",
      "requires": {
        "@fortawesome/fontawesome-common-types": "^0.2.12"
      }
    },
    "@fortawesome/free-regular-svg-icons": {
      "version": "5.6.3",
      "resolved": "https://registry.npmjs.org/@fortawesome/free-regular-svg-icons/-/free-regular-svg-icons-5.6.3.tgz",
      "integrity": "sha512-G6pFCyDaR+R67m1dFHATdeUk5acMglyK7Ney7lZ1QQOusRldhLTPGTnY3LZZ3+WBa3VUz6FwcHRRLNevkIYnIA==",
      "requires": {
        "@fortawesome/fontawesome-common-types": "^0.2.12"
      }
    },
    "vue-router": {
      "version": "3.0.1",
      "resolved": "https://registry.npmjs.org/vue-router/-/vue-router-3.0.1.tgz",
      "integrity": "sha512-vLLoY452L+JBpALMP5UHum9+7nzR9PeIBCghU9ZtJ1eWm6ieUI8Zb/DI3MYxH32bxkjzYV1LRjNv4qr8d+uX/w=="
    }
  }
}
